
Microsoft Visual Studio Solution File, Format Version 12.00
# Visual Studio Version 17
VisualStudioVersion = 17.5.002.0
MinimumVisualStudioVersion = 10.0.40219.1
Project("{2150E333-8FDC-42A3-9474-1A3956D46DE8}") = "Projects", "Projects", "{CC510C5C-E86F-44E6-99AC-5642FF0CE6AD}"
EndProject
Project("{9A19103F-16F7-4668-BE54-9A1E7A4F7556}") = "MobileCart", "Projects\MobileCart\MobileCart.csproj", "{DD21CBDF-EF7E-4111-A731-12D9D33A6DFD}"
EndProject
Project("{9A19103F-16F7-4668-BE54-9A1E7A4F7556}") = "MobileCartAPI", "Projects\MobileCartAPI\MobileCartAPI.csproj", "{CC8514A4-3986-4FB3-ABF3-0D62AB55CEC5}"
EndProject
Global
	GlobalSection(SolutionConfigurationPlatforms) = preSolution
		Debug|Any CPU = Debug|Any CPU
		Release|Any CPU = Release|Any CPU
	EndGlobalSection
	GlobalSection(ProjectConfigurationPlatforms) = postSolution
		{DD21CBDF-EF7E-4111-A731-12D9D33A6DFD}.Debug|Any CPU.ActiveCfg = Debug|Any CPU
		{DD21CBDF-EF7E-4111-A731-12D9D33A6DFD}.Debug|Any CPU.Build.0 = Debug|Any CPU
		{DD21CBDF-EF7E-4111-A731-12D9D33A6DFD}.Release|Any CPU.ActiveCfg = Release|Any CPU
		{DD21CBDF-EF7E-4111-A731-12D9D33A6DFD}.Release|Any CPU.Build.0 = Release|Any CPU
		{CC8514A4-3986-4FB3-ABF3-0D62AB55CEC5}.Debug|Any CPU.ActiveCfg = Debug|Any CPU
		{CC8514A4-3986-4FB3-ABF3-0D62AB55CEC5}.Debug|Any CPU.Build.0 = Debug|Any CPU
		{CC8514A4-3986-4FB3-ABF3-0D62AB55CEC5}.Release|Any CPU.ActiveCfg = Release|Any CPU
		{CC8514A4-3986-4FB3-ABF3-0D62AB55CEC5}.Release|Any CPU.Build.0 = Release|Any CPU
	EndGlobalSection
	GlobalSection(SolutionProperties) = preSolution
		HideSolutionNode = FALSE
	EndGlobalSection
	GlobalSection(NestedProjects) = preSolution
		{DD21CBDF-EF7E-4111-A731-12D9D33A6DFD} = {CC510C5C-E86F-44E6-99AC-5642FF0CE6AD}
		{CC8514A4-3986-4FB3-ABF3-0D62AB55CEC5} = {CC510C5C-E86F-44E6-99AC-5642FF0CE6AD}
	EndGlobalSection
	GlobalSection(ExtensibilityGlobals) = postSolution
		SolutionGuid = {013DCE60-02FA-41BE-A53E-AA215551B60E}
	EndGlobalSection
EndGlobal
